
Microsoft Visual Studio Solution File, Format Version 12.00
# Visual Studio 15
VisualStudioVersion = 15.0.28010.2048
MinimumVisualStudioVersion = 10.0.40219.1
Project("{FAE04EC0-301F-11D3-BF4B-00C04F79EFBC}") = "AGB_App.Android", "AGB_App\AGB_App.Android\AGB_App.Android.csproj", "{6CE9CBC5-5430-4274-81EF-497E98E999EA}"
EndProject
Project("{FAE04EC0-301F-11D3-BF4B-00C04F79EFBC}") = "AGB_App.iOS", "AGB_App\AGB_App.iOS\AGB_App.iOS.csproj", "{70AAA974-A7D4-4295-9BEA-CAE6193E249B}"
EndProject
Project("{FAE04EC0-301F-11D3-BF4B-00C04F79EFBC}") = "AGB_App.UWP", "AGB_App\AGB_App.UWP\AGB_App.UWP.csproj", "{125006EA-9E74-42C8-BB8F-70A8122AFE30}"
EndProject
Project("{FAE04EC0-301F-11D3-BF4B-00C04F79EFBC}") = "AGB_App", "AGB_App\AGB_App\AGB_App.csproj", "{289F6F3C-EA27-4A96-AE04-E5D2E66AEF42}"
EndProject
Global
	GlobalSection(SolutionConfigurationPlatforms) = preSolution
		Ad-Hoc|Any CPU = Ad-Hoc|Any CPU
		Ad-Hoc|ARM = Ad-Hoc|ARM
		Ad-Hoc|iPhone = Ad-Hoc|iPhone
		Ad-Hoc|iPhoneSimulator = Ad-Hoc|iPhoneSimulator
		Ad-Hoc|x64 = Ad-Hoc|x64
		Ad-Hoc|x86 = Ad-Hoc|x86
		AppStore|Any CPU = AppStore|Any CPU
		AppStore|ARM = AppStore|ARM
		AppStore|iPhone = AppStore|iPhone
		AppStore|iPhoneSimulator = AppStore|iPhoneSimulator
		AppStore|x64 = AppStore|x64
		AppStore|x86 = AppStore|x86
		Debug|Any CPU = Debug|Any CPU
		Debug|ARM = Debug|ARM
		Debug|iPhone = Debug|iPhone
		Debug|iPhoneSimulator = Debug|iPhoneSimulator
		Debug|x64 = Debug|x64
		Debug|x86 = Debug|x86
		Release|Any CPU = Release|Any CPU
		Release|ARM = Release|ARM
		Release|iPhone = Release|iPhone
		Release|iPhoneSimulator = Release|iPhoneSimulator
		Release|x64 = Release|x64
		Release|x86 = Release|x86
	EndGlobalSection
	GlobalSection(ProjectConfigurationPlatforms) = postSolution
		{6CE9CBC5-5430-4274-81EF-497E98E999EA}.Ad-Hoc|Any CPU.ActiveCfg = Release|Any CPU
		{6CE9CBC5-5430-4274-81EF-497E98E999EA}.Ad-Hoc|Any CPU.Build.0 = Release|Any CPU
		{6CE9CBC5-5430-4274-81EF-497E98E999EA}.Ad-Hoc|Any CPU.Deploy.0 = Release|Any CPU
		{6CE9CBC5-5430-4274-81EF-497E98E999EA}.Ad-Hoc|ARM.ActiveCfg = Release|Any CPU
		{6CE9CBC5-5430-4274-81EF-497E98E999EA}.Ad-Hoc|ARM.Build.0 = Release|Any CPU
		{6CE9CBC5-5430-4274-81EF-497E98E999EA}.Ad-Hoc|ARM.Deploy.0 = Release|Any CPU
		{6CE9CBC5-5430-4274-81EF-497E98E999EA}.Ad-Hoc|iPhone.ActiveCfg = Release|Any CPU
		{6CE9CBC5-5430-4274-81EF-497E98E999EA}.Ad-Hoc|iPhone.Build.0 = Release|Any CPU
		{6CE9CBC5-5430-4274-81EF-497E98E999EA}.Ad-Hoc|iPhone.Deploy.0 = Release|Any CPU
		{6CE9CBC5-5430-4274-81EF-497E98E999EA}.Ad-Hoc|iPhoneSimulator.ActiveCfg = Release|Any CPU
		{6CE9CBC5-5430-4274-81EF-497E98E999EA}.Ad-Hoc|iPhoneSimulator.Build.0 = Release|Any CPU
		{6CE9CBC5-5430-4274-81EF-497E98E999EA}.Ad-Hoc|iPhoneSimulator.Deploy.0 = Release|Any CPU
		{6CE9CBC5-5430-4274-81EF-497E98E999EA}.Ad-Hoc|x64.ActiveCfg = Release|Any CPU
		{6CE9CBC5-5430-4274-81EF-497E98E999EA}.Ad-Hoc|x64.Build.0 = Release|Any CPU
		{6CE9CBC5-5430-4274-81EF-497E98E999EA}.Ad-Hoc|x64.Deploy.0 = Release|Any CPU
		{6CE9CBC5-5430-4274-81EF-497E98E999EA}.Ad-Hoc|x86.ActiveCfg = Release|Any CPU
		{6CE9CBC5-5430-4274-81EF-497E98E999EA}.Ad-Hoc|x86.Build.0 = Release|Any CPU
		{6CE9CBC5-5430-4274-81EF-497E98E999EA}.Ad-Hoc|x86.Deploy.0 = Release|Any CPU
		{6CE9CBC5-5430-4274-81EF-497E98E999EA}.AppStore|Any CPU.ActiveCfg = Release|Any CPU
		{6CE9CBC5-5430-4274-81EF-497E98E999EA}.AppStore|Any CPU.Build.0 = Release|Any CPU
		{6CE9CBC5-5430-4274-81EF-497E98E999EA}.AppStore|Any CPU.Deploy.0 = Release|Any CPU
		{6CE9CBC5-5430-4274-81EF-497E98E999EA}.AppStore|ARM.ActiveCfg = Release|Any CPU
		{6CE9CBC5-5430-4274-81EF-497E98E999EA}.AppStore|ARM.Build.0 = Release|Any CPU
		{6CE9CBC5-5430-4274-81EF-497E98E999EA}.AppStore|ARM.Deploy.0 = Release|Any CPU
		{6CE9CBC5-5430-4274-81EF-497E98E999EA}.AppStore|iPhone.ActiveCfg = Release|Any CPU
		{6CE9CBC5-5430-4274-81EF-497E98E999EA}.AppStore|iPhone.Build.0 = Release|Any CPU
		{6CE9CBC5-5430-4274-81EF-497E98E999EA}.AppStore|iPhone.Deploy.0 = Release|Any CPU
		{6CE9CBC5-5430-4274-81EF-497E98E999EA}.AppStore|iPhoneSimulator.ActiveCfg = Release|Any CPU
		{6CE9CBC5-5430-4274-81EF-497E98E999EA}.AppStore|iPhoneSimulator.Build.0 = Release|Any CPU
		{6CE9CBC5-5430-4274-81EF-497E98E999EA}.AppStore|iPhoneSimulator.Deploy.0 = Release|Any CPU
		{6CE9CBC5-5430-4274-81EF-497E98E999EA}.AppStore|x64.ActiveCfg = Release|Any CPU
		{6CE9CBC5-5430-4274-81EF-497E98E999EA}.AppStore|x64.Build.0 = Release|Any CPU
		{6CE9CBC5-5430-4274-81EF-497E98E999EA}.AppStore|x64.Deploy.0 = Release|Any CPU
		{6CE9CBC5-5430-4274-81EF-497E98E999EA}.AppStore|x86.ActiveCfg = Release|Any CPU
		{6CE9CBC5-5430-4274-81EF-497E98E999EA}.AppStore|x86.Build.0 = Release|Any CPU
		{6CE9CBC5-5430-4274-81EF-497E98E999EA}.AppStore|x86.Deploy.0 = Release|Any CPU
		{6CE9CBC5-5430-4274-81EF-497E98E999EA}.Debug|Any CPU.ActiveCfg = Debug|Any CPU
		{6CE9CBC5-5430-4274-81EF-497E98E999EA}.Debug|Any CPU.Build.0 = Debug|Any CPU
		{6CE9CBC5-5430-4274-81EF-497E98E999EA}.Debug|Any CPU.Deploy.0 = Debug|Any CPU
		{6CE9CBC5-5430-4274-81EF-497E98E999EA}.Debug|ARM.ActiveCfg = Debug|Any CPU
		{6CE9CBC5-5430-4274-81EF-497E98E999EA}.Debug|ARM.Build.0 = Debug|Any CPU
		{6CE9CBC5-5430-4274-81EF-497E98E999EA}.Debug|ARM.Deploy.0 = Debug|Any CPU
		{6CE9CBC5-5430-4274-81EF-497E98E999EA}.Debug|iPhone.ActiveCfg = Debug|Any CPU
		{6CE9CBC5-5430-4274-81EF-497E98E999EA}.Debug|iPhone.Build.0 = Debug|Any CPU
		{6CE9CBC5-5430-4274-81EF-497E98E999EA}.Debug|iPhone.Deploy.0 = Debug|Any CPU
		{6CE9CBC5-5430-4274-81EF-497E98E999EA}.Debug|iPhoneSimulator.ActiveCfg = Debug|Any CPU
		{6CE9CBC5-5430-4274-81EF-497E98E999EA}.Debug|iPhoneSimulator.Build.0 = Debug|Any CPU
		{6CE9CBC5-5430-4274-81EF-497E98E999EA}.Debug|iPhoneSimulator.Deploy.0 = Debug|Any CPU
		{6CE9CBC5-5430-4274-81EF-497E98E999EA}.Debug|x64.ActiveCfg = Debug|Any CPU
		{6CE9CBC5-5430-4274-81EF-497E98E999EA}.Debug|x64.Build.0 = Debug|Any CPU
		{6CE9CBC5-5430-4274-81EF-497E98E999EA}.Debug|x64.Deploy.0 = Debug|Any CPU
		{6CE9CBC5-5430-4274-81EF-497E98E999EA}.Debug|x86.ActiveCfg = Debug|Any CPU
		{6CE9CBC5-5430-4274-81EF-497E98E999EA}.Debug|x86.Build.0 = Debug|Any CPU
		{6CE9CBC5-5430-4274-81EF-497E98E999EA}.Debug|x86.Deploy.0 = Debug|Any CPU
		{6CE9CBC5-5430-4274-81EF-497E98E999EA}.Release|Any CPU.ActiveCfg = Release|Any CPU
		{6CE9CBC5-5430-4274-81EF-497E98E999EA}.Release|Any CPU.Build.0 = Release|Any CPU
		{6CE9CBC5-5430-4274-81EF-497E98E999EA}.Release|Any CPU.Deploy.0 = Release|Any CPU
		{6CE9CBC5-5430-4274-81EF-497E98E999EA}.Release|ARM.ActiveCfg = Release|Any CPU
		{6CE9CBC5-5430-4274-81EF-497E98E999EA}.Release|ARM.Build.0 = Release|Any CPU
		{6CE9CBC5-5430-4274-81EF-497E98E999EA}.Release|ARM.Deploy.0 = Release|Any CPU
		{6CE9CBC5-5430-4274-81EF-497E98E999EA}.Release|iPhone.ActiveCfg = Release|Any CPU
		{6CE9CBC5-5430-4274-81EF-497E98E999EA}.Release|iPhone.Build.0 = Release|Any CPU
		{6CE9CBC5-5430-4274-81EF-497E98E999EA}.Release|iPhone.Deploy.0 = Release|Any CPU
		{6CE9CBC5-5430-4274-81EF-497E98E999EA}.Release|iPhoneSimulator.ActiveCfg = Release|Any CPU
		{6CE9CBC5-5430-4274-81EF-497E98E999EA}.Release|iPhoneSimulator.Build.0 = Release|Any CPU
		{6CE9CBC5-5430-4274-81EF-497E98E999EA}.Release|iPhoneSimulator.Deploy.0 = Release|Any CPU
		{6CE9CBC5-5430-4274-81EF-497E98E999EA}.Release|x64.ActiveCfg = Release|Any CPU
		{6CE9CBC5-5430-4274-81EF-497E98E999EA}.Release|x64.Build.0 = Release|Any CPU
		{6CE9CBC5-5430-4274-81EF-497E98E999EA}.Release|x64.Deploy.0 = Release|Any CPU
		{6CE9CBC5-5430-4274-81EF-497E98E999EA}.Release|x86.ActiveCfg = Release|Any CPU
		{6CE9CBC5-5430-4274-81EF-497E98E999EA}.Release|x86.Build.0 = Release|Any CPU
		{6CE9CBC5-5430-4274-81EF-497E98E999EA}.Release|x86.Deploy.0 = Release|Any CPU
		{70AAA974-A7D4-4295-9BEA-CAE6193E249B}.Ad-Hoc|Any CPU.ActiveCfg = Ad-Hoc|iPhone
		{70AAA974-A7D4-4295-9BEA-CAE6193E249B}.Ad-Hoc|Any CPU.Build.0 = Ad-Hoc|iPhone
		{70AAA974-A7D4-4295-9BEA-CAE6193E249B}.Ad-Hoc|Any CPU.Deploy.0 = Ad-Hoc|iPhone
		{70AAA974-A7D4-4295-9BEA-CAE6193E249B}.Ad-Hoc|ARM.ActiveCfg = Ad-Hoc|iPhone
		{70AAA974-A7D4-4295-9BEA-CAE6193E249B}.Ad-Hoc|ARM.Build.0 = Ad-Hoc|iPhone
		{70AAA974-A7D4-4295-9BEA-CAE6193E249B}.Ad-Hoc|ARM.Deploy.0 = Ad-Hoc|iPhone
		{70AAA974-A7D4-4295-9BEA-CAE6193E249B}.Ad-Hoc|iPhone.ActiveCfg = Ad-Hoc|iPhone
		{70AAA974-A7D4-4295-9BEA-CAE6193E249B}.Ad-Hoc|iPhone.Build.0 = Ad-Hoc|iPhone
		{70AAA974-A7D4-4295-9BEA-CAE6193E249B}.Ad-Hoc|iPhone.Deploy.0 = Ad-Hoc|iPhone
		{70AAA974-A7D4-4295-9BEA-CAE6193E249B}.Ad-Hoc|iPhoneSimulator.ActiveCfg = Ad-Hoc|iPhoneSimulator
		{70AAA974-A7D4-4295-9BEA-CAE6193E249B}.Ad-Hoc|iPhoneSimulator.Build.0 = Ad-Hoc|iPhoneSimulator
		{70AAA974-A7D4-4295-9BEA-CAE6193E249B}.Ad-Hoc|iPhoneSimulator.Deploy.0 = Ad-Hoc|iPhoneSimulator
		{70AAA974-A7D4-4295-9BEA-CAE6193E249B}.Ad-Hoc|x64.ActiveCfg = Ad-Hoc|iPhone
		{70AAA974-A7D4-4295-9BEA-CAE6193E249B}.Ad-Hoc|x64.Build.0 = Ad-Hoc|iPhone
		{70AAA974-A7D4-4295-9BEA-CAE6193E249B}.Ad-Hoc|x64.Deploy.0 = Ad-Hoc|iPhone
		{70AAA974-A7D4-4295-9BEA-CAE6193E249B}.Ad-Hoc|x86.ActiveCfg = Ad-Hoc|iPhone
		{70AAA974-A7D4-4295-9BEA-CAE6193E249B}.Ad-Hoc|x86.Build.0 = Ad-Hoc|iPhone
		{70AAA974-A7D4-4295-9BEA-CAE6193E249B}.Ad-Hoc|x86.Deploy.0 = Ad-Hoc|iPhone
		{70AAA974-A7D4-4295-9BEA-CAE6193E249B}.AppStore|Any CPU.ActiveCfg = AppStore|iPhone
		{70AAA974-A7D4-4295-9BEA-CAE6193E249B}.AppStore|Any CPU.Build.0 = AppStore|iPhone
		{70AAA974-A7D4-4295-9BEA-CAE6193E249B}.AppStore|Any CPU.Deploy.0 = AppStore|iPhone
		{70AAA974-A7D4-4295-9BEA-CAE6193E249B}.AppStore|ARM.ActiveCfg = AppStore|iPhone
		{70AAA974-A7D4-4295-9BEA-CAE6193E249B}.AppStore|ARM.Build.0 = AppStore|iPhone
		{70AAA974-A7D4-4295-9BEA-CAE6193E249B}.AppStore|ARM.Deploy.0 = AppStore|iPhone
		{70AAA974-A7D4-4295-9BEA-CAE6193E249B}.AppStore|iPhone.ActiveCfg = AppStore|iPhone
		{70AAA974-A7D4-4295-9BEA-CAE6193E249B}.AppStore|iPhone.Build.0 = AppStore|iPhone
		{70AAA974-A7D4-4295-9BEA-CAE6193E249B}.AppStore|iPhone.Deploy.0 = AppStore|iPhone
		{70AAA974-A7D4-4295-9BEA-CAE6193E249B}.AppStore|iPhoneSimulator.ActiveCfg = AppStore|iPhoneSimulator
		{70AAA974-A7D4-4295-9BEA-CAE6193E249B}.AppStore|iPhoneSimulator.Build.0 = AppStore|iPhoneSimulator
		{70AAA974-A7D4-4295-9BEA-CAE6193E249B}.AppStore|iPhoneSimulator.Deploy.0 = AppStore|iPhoneSimulator
		{70AAA974-A7D4-4295-9BEA-CAE6193E249B}.AppStore|x64.ActiveCfg = AppStore|iPhone
		{70AAA974-A7D4-4295-9BEA-CAE6193E249B}.AppStore|x64.Build.0 = AppStore|iPhone
		{70AAA974-A7D4-4295-9BEA-CAE6193E249B}.AppStore|x64.Deploy.0 = AppStore|iPhone
		{70AAA974-A7D4-4295-9BEA-CAE6193E249B}.AppStore|x86.ActiveCfg = AppStore|iPhone
		{70AAA974-A7D4-4295-9BEA-CAE6193E249B}.AppStore|x86.Build.0 = AppStore|iPhone
		{70AAA974-A7D4-4295-9BEA-CAE6193E249B}.AppStore|x86.Deploy.0 = AppStore|iPhone
		{70AAA974-A7D4-4295-9BEA-CAE6193E249B}.Debug|Any CPU.ActiveCfg = Debug|iPhoneSimulator
		{70AAA974-A7D4-4295-9BEA-CAE6193E249B}.Debug|Any CPU.Build.0 = Debug|iPhoneSimulator
		{70AAA974-A7D4-4295-9BEA-CAE6193E249B}.Debug|Any CPU.Deploy.0 = Debug|iPhoneSimulator
		{70AAA974-A7D4-4295-9BEA-CAE6193E249B}.Debug|ARM.ActiveCfg = Debug|iPhone
		{70AAA974-A7D4-4295-9BEA-CAE6193E249B}.Debug|ARM.Build.0 = Debug|iPhone
		{70AAA974-A7D4-4295-9BEA-CAE6193E249B}.Debug|ARM.Deploy.0 = Debug|iPhone
		{70AAA974-A7D4-4295-9BEA-CAE6193E249B}.Debug|iPhone.ActiveCfg = Debug|iPhone
		{70AAA974-A7D4-4295-9BEA-CAE6193E249B}.Debug|iPhone.Build.0 = Debug|iPhone
		{70AAA974-A7D4-4295-9BEA-CAE6193E249B}.Debug|iPhone.Deploy.0 = Debug|iPhone
		{70AAA974-A7D4-4295-9BEA-CAE6193E249B}.Debug|iPhoneSimulator.ActiveCfg = Debug|iPhoneSimulator
		{70AAA974-A7D4-4295-9BEA-CAE6193E249B}.Debug|iPhoneSimulator.Build.0 = Debug|iPhoneSimulator
		{70AAA974-A7D4-4295-9BEA-CAE6193E249B}.Debug|iPhoneSimulator.Deploy.0 = Debug|iPhoneSimulator
		{70AAA974-A7D4-4295-9BEA-CAE6193E249B}.Debug|x64.ActiveCfg = Debug|iPhone
		{70AAA974-A7D4-4295-9BEA-CAE6193E249B}.Debug|x64.Build.0 = Debug|iPhone
		{70AAA974-A7D4-4295-9BEA-CAE6193E249B}.Debug|x64.Deploy.0 = Debug|iPhone
		{70AAA974-A7D4-4295-9BEA-CAE6193E249B}.Debug|x86.ActiveCfg = Debug|iPhone
		{70AAA974-A7D4-4295-9BEA-CAE6193E249B}.Debug|x86.Build.0 = Debug|iPhone
		{70AAA974-A7D4-4295-9BEA-CAE6193E249B}.Debug|x86.Deploy.0 = Debug|iPhone
		{70AAA974-A7D4-4295-9BEA-CAE6193E249B}.Release|Any CPU.ActiveCfg = Release|iPhone
		{70AAA974-A7D4-4295-9BEA-CAE6193E249B}.Release|Any CPU.Build.0 = Release|iPhone
		{70AAA974-A7D4-4295-9BEA-CAE6193E249B}.Release|Any CPU.Deploy.0 = Release|iPhone
		{70AAA974-A7D4-4295-9BEA-CAE6193E249B}.Release|ARM.ActiveCfg = Release|iPhone
		{70AAA974-A7D4-4295-9BEA-CAE6193E249B}.Release|ARM.Build.0 = Release|iPhone
		{70AAA974-A7D4-4295-9BEA-CAE6193E249B}.Release|ARM.Deploy.0 = Release|iPhone
		{70AAA974-A7D4-4295-9BEA-CAE6193E249B}.Release|iPhone.ActiveCfg = Release|iPhone
		{70AAA974-A7D4-4295-9BEA-CAE6193E249B}.Release|iPhone.Build.0 = Release|iPhone
		{70AAA974-A7D4-4295-9BEA-CAE6193E249B}.Release|iPhone.Deploy.0 = Release|iPhone
		{70AAA974-A7D4-4295-9BEA-CAE6193E249B}.Release|iPhoneSimulator.ActiveCfg = Release|iPhoneSimulator
		{70AAA974-A7D4-4295-9BEA-CAE6193E249B}.Release|iPhoneSimulator.Build.0 = Release|iPhoneSimulator
		{70AAA974-A7D4-4295-9BEA-CAE6193E249B}.Release|iPhoneSimulator.Deploy.0 = Release|iPhoneSimulator
		{70AAA974-A7D4-4295-9BEA-CAE6193E249B}.Release|x64.ActiveCfg = Release|iPhone
		{70AAA974-A7D4-4295-9BEA-CAE6193E249B}.Release|x64.Build.0 = Release|iPhone
		{70AAA974-A7D4-4295-9BEA-CAE6193E249B}.Release|x64.Deploy.0 = Release|iPhone
		{70AAA974-A7D4-4295-9BEA-CAE6193E249B}.Release|x86.ActiveCfg = Release|iPhone
		{70AAA974-A7D4-4295-9BEA-CAE6193E249B}.Release|x86.Build.0 = Release|iPhone
		{70AAA974-A7D4-4295-9BEA-CAE6193E249B}.Release|x86.Deploy.0 = Release|iPhone
		{125006EA-9E74-42C8-BB8F-70A8122AFE30}.Ad-Hoc|Any CPU.ActiveCfg = Release|x86
		{125006EA-9E74-42C8-BB8F-70A8122AFE30}.Ad-Hoc|Any CPU.Build.0 = Release|x86
		{125006EA-9E74-42C8-BB8F-70A8122AFE30}.Ad-Hoc|Any CPU.Deploy.0 = Release|x86
		{125006EA-9E74-42C8-BB8F-70A8122AFE30}.Ad-Hoc|ARM.ActiveCfg = Release|ARM
		{125006EA-9E74-42C8-BB8F-70A8122AFE30}.Ad-Hoc|ARM.Build.0 = Release|ARM
		{125006EA-9E74-42C8-BB8F-70A8122AFE30}.Ad-Hoc|ARM.Deploy.0 = Release|ARM
		{125006EA-9E74-42C8-BB8F-70A8122AFE30}.Ad-Hoc|iPhone.ActiveCfg = Release|x86
		{125006EA-9E74-42C8-BB8F-70A8122AFE30}.Ad-Hoc|iPhone.Build.0 = Release|x86
		{125006EA-9E74-42C8-BB8F-70A8122AFE30}.Ad-Hoc|iPhone.Deploy.0 = Release|x86
		{125006EA-9E74-42C8-BB8F-70A8122AFE30}.Ad-Hoc|iPhoneSimulator.ActiveCfg = Release|x86
		{125006EA-9E74-42C8-BB8F-70A8122AFE30}.Ad-Hoc|iPhoneSimulator.Build.0 = Release|x86
		{125006EA-9E74-42C8-BB8F-70A8122AFE30}.Ad-Hoc|iPhoneSimulator.Deploy.0 = Release|x86
		{125006EA-9E74-42C8-BB8F-70A8122AFE30}.Ad-Hoc|x64.ActiveCfg = Release|x64
		{125006EA-9E74-42C8-BB8F-70A8122AFE30}.Ad-Hoc|x64.Build.0 = Release|x64
		{125006EA-9E74-42C8-BB8F-70A8122AFE30}.Ad-Hoc|x64.Deploy.0 = Release|x64
		{125006EA-9E74-42C8-BB8F-70A8122AFE30}.Ad-Hoc|x86.ActiveCfg = Release|x86
		{125006EA-9E74-42C8-BB8F-70A8122AFE30}.Ad-Hoc|x86.Build.0 = Release|x86
		{125006EA-9E74-42C8-BB8F-70A8122AFE30}.Ad-Hoc|x86.Deploy.0 = Release|x86
		{125006EA-9E74-42C8-BB8F-70A8122AFE30}.AppStore|Any CPU.ActiveCfg = Release|x86
		{125006EA-9E74-42C8-BB8F-70A8122AFE30}.AppStore|Any CPU.Build.0 = Release|x86
		{125006EA-9E74-42C8-BB8F-70A8122AFE30}.AppStore|Any CPU.Deploy.0 = Release|x86
		{125006EA-9E74-42C8-BB8F-70A8122AFE30}.AppStore|ARM.ActiveCfg = Release|ARM
		{125006EA-9E74-42C8-BB8F-70A8122AFE30}.AppStore|ARM.Build.0 = Release|ARM
		{125006EA-9E74-42C8-BB8F-70A8122AFE30}.AppStore|ARM.Deploy.0 = Release|ARM
		{125006EA-9E74-42C8-BB8F-70A8122AFE30}.AppStore|iPhone.ActiveCfg = Release|x86
		{125006EA-9E74-42C8-BB8F-70A8122AFE30}.AppStore|iPhone.Build.0 = Release|x86
		{125006EA-9E74-42C8-BB8F-70A8122AFE30}.AppStore|iPhone.Deploy.0 = Release|x86
		{125006EA-9E74-42C8-BB8F-70A8122AFE30}.AppStore|iPhoneSimulator.ActiveCfg = Release|x86
		{125006EA-9E74-42C8-BB8F-70A8122AFE30}.AppStore|iPhoneSimulator.Build.0 = Release|x86
		{125006EA-9E74-42C8-BB8F-70A8122AFE30}.AppStore|iPhoneSimulator.Deploy.0 = Release|x86
		{125006EA-9E74-42C8-BB8F-70A8122AFE30}.AppStore|x64.ActiveCfg = Release|x64
		{125006EA-9E74-42C8-BB8F-70A8122AFE30}.AppStore|x64.Build.0 = Release|x64
		{125006EA-9E74-42C8-BB8F-70A8122AFE30}.AppStore|x64.Deploy.0 = Release|x64
		{125006EA-9E74-42C8-BB8F-70A8122AFE30}.AppStore|x86.ActiveCfg = Release|x86
		{125006EA-9E74-42C8-BB8F-70A8122AFE30}.AppStore|x86.Build.0 = Release|x86
		{125006EA-9E74-42C8-BB8F-70A8122AFE30}.AppStore|x86.Deploy.0 = Release|x86
		{125006EA-9E74-42C8-BB8F-70A8122AFE30}.Debug|Any CPU.ActiveCfg = Debug|x86
		{125006EA-9E74-42C8-BB8F-70A8122AFE30}.Debug|Any CPU.Build.0 = Debug|x86
		{125006EA-9E74-42C8-BB8F-70A8122AFE30}.Debug|Any CPU.Deploy.0 = Debug|x86
		{125006EA-9E74-42C8-BB8F-70A8122AFE30}.Debug|ARM.ActiveCfg = Debug|ARM
		{125006EA-9E74-42C8-BB8F-70A8122AFE30}.Debug|ARM.Build.0 = Debug|ARM
		{125006EA-9E74-42C8-BB8F-70A8122AFE30}.Debug|ARM.Deploy.0 = Debug|ARM
		{125006EA-9E74-42C8-BB8F-70A8122AFE30}.Debug|iPhone.ActiveCfg = Debug|x86
		{125006EA-9E74-42C8-BB8F-70A8122AFE30}.Debug|iPhone.Build.0 = Debug|x86
		{125006EA-9E74-42C8-BB8F-70A8122AFE30}.Debug|iPhone.Deploy.0 = Debug|x86
		{125006EA-9E74-42C8-BB8F-70A8122AFE30}.Debug|iPhoneSimulator.ActiveCfg = Debug|x86
		{125006EA-9E74-42C8-BB8F-70A8122AFE30}.Debug|iPhoneSimulator.Build.0 = Debug|x86
		{125006EA-9E74-42C8-BB8F-70A8122AFE30}.Debug|iPhoneSimulator.Deploy.0 = Debug|x86
		{125006EA-9E74-42C8-BB8F-70A8122AFE30}.Debug|x64.ActiveCfg = Debug|x64
		{125006EA-9E74-42C8-BB8F-70A8122AFE30}.Debug|x64.Build.0 = Debug|x64
		{125006EA-9E74-42C8-BB8F-70A8122AFE30}.Debug|x64.Deploy.0 = Debug|x64
		{125006EA-9E74-42C8-BB8F-70A8122AFE30}.Debug|x86.ActiveCfg = Debug|x86
		{125006EA-9E74-42C8-BB8F-70A8122AFE30}.Debug|x86.Build.0 = Debug|x86
		{125006EA-9E74-42C8-BB8F-70A8122AFE30}.Debug|x86.Deploy.0 = Debug|x86
		{125006EA-9E74-42C8-BB8F-70A8122AFE30}.Release|Any CPU.ActiveCfg = Release|x86
		{125006EA-9E74-42C8-BB8F-70A8122AFE30}.Release|Any CPU.Build.0 = Release|x86
		{125006EA-9E74-42C8-BB8F-70A8122AFE30}.Release|Any CPU.Deploy.0 = Release|x86
		{125006EA-9E74-42C8-BB8F-70A8122AFE30}.Release|ARM.ActiveCfg = Release|ARM
		{125006EA-9E74-42C8-BB8F-70A8122AFE30}.Release|ARM.Build.0 = Release|ARM
		{125006EA-9E74-42C8-BB8F-70A8122AFE30}.Release|ARM.Deploy.0 = Release|ARM
		{125006EA-9E74-42C8-BB8F-70A8122AFE30}.Release|iPhone.ActiveCfg = Release|x86
		{125006EA-9E74-42C8-BB8F-70A8122AFE30}.Release|iPhone.Build.0 = Release|x86
		{125006EA-9E74-42C8-BB8F-70A8122AFE30}.Release|iPhone.Deploy.0 = Release|x86
		{125006EA-9E74-42C8-BB8F-70A8122AFE30}.Release|iPhoneSimulator.ActiveCfg = Release|x86
		{125006EA-9E74-42C8-BB8F-70A8122AFE30}.Release|iPhoneSimulator.Build.0 = Release|x86
		{125006EA-9E74-42C8-BB8F-70A8122AFE30}.Release|iPhoneSimulator.Deploy.0 = Release|x86
		{125006EA-9E74-42C8-BB8F-70A8122AFE30}.Release|x64.ActiveCfg = Release|x64
		{125006EA-9E74-42C8-BB8F-70A8122AFE30}.Release|x64.Build.0 = Release|x64
		{125006EA-9E74-42C8-BB8F-70A8122AFE30}.Release|x64.Deploy.0 = Release|x64
		{125006EA-9E74-42C8-BB8F-70A8122AFE30}.Release|x86.ActiveCfg = Release|x86
		{125006EA-9E74-42C8-BB8F-70A8122AFE30}.Release|x86.Build.0 = Release|x86
		{125006EA-9E74-42C8-BB8F-70A8122AFE30}.Release|x86.Deploy.0 = Release|x86
		{289F6F3C-EA27-4A96-AE04-E5D2E66AEF42}.Ad-Hoc|Any CPU.ActiveCfg = Debug|Any CPU
		{289F6F3C-EA27-4A96-AE04-E5D2E66AEF42}.Ad-Hoc|Any CPU.Build.0 = Debug|Any CPU
		{289F6F3C-EA27-4A96-AE04-E5D2E66AEF42}.Ad-Hoc|Any CPU.Deploy.0 = Debug|Any CPU
		{289F6F3C-EA27-4A96-AE04-E5D2E66AEF42}.Ad-Hoc|ARM.ActiveCfg = Debug|Any CPU
		{289F6F3C-EA27-4A96-AE04-E5D2E66AEF42}.Ad-Hoc|ARM.Build.0 = Debug|Any CPU
		{289F6F3C-EA27-4A96-AE04-E5D2E66AEF42}.Ad-Hoc|ARM.Deploy.0 = Debug|Any CPU
		{289F6F3C-EA27-4A96-AE04-E5D2E66AEF42}.Ad-Hoc|iPhone.ActiveCfg = Debug|Any CPU
		{289F6F3C-EA27-4A96-AE04-E5D2E66AEF42}.Ad-Hoc|iPhone.Build.0 = Debug|Any CPU
		{289F6F3C-EA27-4A96-AE04-E5D2E66AEF42}.Ad-Hoc|iPhone.Deploy.0 = Debug|Any CPU
		{289F6F3C-EA27-4A96-AE04-E5D2E66AEF42}.Ad-Hoc|iPhoneSimulator.ActiveCfg = Debug|Any CPU
		{289F6F3C-EA27-4A96-AE04-E5D2E66AEF42}.Ad-Hoc|iPhoneSimulator.Build.0 = Debug|Any CPU
		{289F6F3C-EA27-4A96-AE04-E5D2E66AEF42}.Ad-Hoc|iPhoneSimulator.Deploy.0 = Debug|Any CPU
		{289F6F3C-EA27-4A96-AE04-E5D2E66AEF42}.Ad-Hoc|x64.ActiveCfg = Debug|Any CPU
		{289F6F3C-EA27-4A96-AE04-E5D2E66AEF42}.Ad-Hoc|x64.Build.0 = Debug|Any CPU
		{289F6F3C-EA27-4A96-AE04-E5D2E66AEF42}.Ad-Hoc|x64.Deploy.0 = Debug|Any CPU
		{289F6F3C-EA27-4A96-AE04-E5D2E66AEF42}.Ad-Hoc|x86.ActiveCfg = Debug|Any CPU
		{289F6F3C-EA27-4A96-AE04-E5D2E66AEF42}.Ad-Hoc|x86.Build.0 = Debug|Any CPU
		{289F6F3C-EA27-4A96-AE04-E5D2E66AEF42}.Ad-Hoc|x86.Deploy.0 = Debug|Any CPU
		{289F6F3C-EA27-4A96-AE04-E5D2E66AEF42}.AppStore|Any CPU.ActiveCfg = Debug|Any CPU
		{289F6F3C-EA27-4A96-AE04-E5D2E66AEF42}.AppStore|Any CPU.Build.0 = Debug|Any CPU
		{289F6F3C-EA27-4A96-AE04-E5D2E66AEF42}.AppStore|Any CPU.Deploy.0 = Debug|Any CPU
		{289F6F3C-EA27-4A96-AE04-E5D2E66AEF42}.AppStore|ARM.ActiveCfg = Debug|Any CPU
		{289F6F3C-EA27-4A96-AE04-E5D2E66AEF42}.AppStore|ARM.Build.0 = Debug|Any CPU
		{289F6F3C-EA27-4A96-AE04-E5D2E66AEF42}.AppStore|ARM.Deploy.0 = Debug|Any CPU
		{289F6F3C-EA27-4A96-AE04-E5D2E66AEF42}.AppStore|iPhone.ActiveCfg = Debug|Any CPU
		{289F6F3C-EA27-4A96-AE04-E5D2E66AEF42}.AppStore|iPhone.Build.0 = Debug|Any CPU
		{289F6F3C-EA27-4A96-AE04-E5D2E66AEF42}.AppStore|iPhone.Deploy.0 = Debug|Any CPU
		{289F6F3C-EA27-4A96-AE04-E5D2E66AEF42}.AppStore|iPhoneSimulator.ActiveCfg = Debug|Any CPU
		{289F6F3C-EA27-4A96-AE04-E5D2E66AEF42}.AppStore|iPhoneSimulator.Build.0 = Debug|Any CPU
		{289F6F3C-EA27-4A96-AE04-E5D2E66AEF42}.AppStore|iPhoneSimulator.Deploy.0 = Debug|Any CPU
		{289F6F3C-EA27-4A96-AE04-E5D2E66AEF42}.AppStore|x64.ActiveCfg = Debug|Any CPU
		{289F6F3C-EA27-4A96-AE04-E5D2E66AEF42}.AppStore|x64.Build.0 = Debug|Any CPU
		{289F6F3C-EA27-4A96-AE04-E5D2E66AEF42}.AppStore|x64.Deploy.0 = Debug|Any CPU
		{289F6F3C-EA27-4A96-AE04-E5D2E66AEF42}.AppStore|x86.ActiveCfg = Debug|Any CPU
		{289F6F3C-EA27-4A96-AE04-E5D2E66AEF42}.AppStore|x86.Build.0 = Debug|Any CPU
		{289F6F3C-EA27-4A96-AE04-E5D2E66AEF42}.AppStore|x86.Deploy.0 = Debug|Any CPU
		{289F6F3C-EA27-4A96-AE04-E5D2E66AEF42}.Debug|Any CPU.ActiveCfg = Debug|Any CPU
		{289F6F3C-EA27-4A96-AE04-E5D2E66AEF42}.Debug|Any CPU.Build.0 = Debug|Any CPU
		{289F6F3C-EA27-4A96-AE04-E5D2E66AEF42}.Debug|Any CPU.Deploy.0 = Debug|Any CPU
		{289F6F3C-EA27-4A96-AE04-E5D2E66AEF42}.Debug|ARM.ActiveCfg = Debug|Any CPU
		{289F6F3C-EA27-4A96-AE04-E5D2E66AEF42}.Debug|ARM.Build.0 = Debug|Any CPU
		{289F6F3C-EA27-4A96-AE04-E5D2E66AEF42}.Debug|ARM.Deploy.0 = Debug|Any CPU
		{289F6F3C-EA27-4A96-AE04-E5D2E66AEF42}.Debug|iPhone.ActiveCfg = Debug|Any CPU
		{289F6F3C-EA27-4A96-AE04-E5D2E66AEF42}.Debug|iPhone.Build.0 = Debug|Any CPU
		{289F6F3C-EA27-4A96-AE04-E5D2E66AEF42}.Debug|iPhone.Deploy.0 = Debug|Any CPU
		{289F6F3C-EA27-4A96-AE04-E5D2E66AEF42}.Debug|iPhoneSimulator.ActiveCfg = Debug|Any CPU
		{289F6F3C-EA27-4A96-AE04-E5D2E66AEF42}.Debug|iPhoneSimulator.Build.0 = Debug|Any CPU
		{289F6F3C-EA27-4A96-AE04-E5D2E66AEF42}.Debug|iPhoneSimulator.Deploy.0 = Debug|Any CPU
		{289F6F3C-EA27-4A96-AE04-E5D2E66AEF42}.Debug|x64.ActiveCfg = Debug|Any CPU
		{289F6F3C-EA27-4A96-AE04-E5D2E66AEF42}.Debug|x64.Build.0 = Debug|Any CPU
		{289F6F3C-EA27-4A96-AE04-E5D2E66AEF42}.Debug|x64.Deploy.0 = Debug|Any CPU
		{289F6F3C-EA27-4A96-AE04-E5D2E66AEF42}.Debug|x86.ActiveCfg = Debug|Any CPU
		{289F6F3C-EA27-4A96-AE04-E5D2E66AEF42}.Debug|x86.Build.0 = Debug|Any CPU
		{289F6F3C-EA27-4A96-AE04-E5D2E66AEF42}.Debug|x86.Deploy.0 = Debug|Any CPU
		{289F6F3C-EA27-4A96-AE04-E5D2E66AEF42}.Release|Any CPU.ActiveCfg = Release|Any CPU
		{289F6F3C-EA27-4A96-AE04-E5D2E66AEF42}.Release|Any CPU.Build.0 = Release|Any CPU
		{289F6F3C-EA27-4A96-AE04-E5D2E66AEF42}.Release|Any CPU.Deploy.0 = Release|Any CPU
		{289F6F3C-EA27-4A96-AE04-E5D2E66AEF42}.Release|ARM.ActiveCfg = Release|Any CPU
		{289F6F3C-EA27-4A96-AE04-E5D2E66AEF42}.Release|ARM.Build.0 = Release|Any CPU
		{289F6F3C-EA27-4A96-AE04-E5D2E66AEF42}.Release|ARM.Deploy.0 = Release|Any CPU
		{289F6F3C-EA27-4A96-AE04-E5D2E66AEF42}.Release|iPhone.ActiveCfg = Release|Any CPU
		{289F6F3C-EA27-4A96-AE04-E5D2E66AEF42}.Release|iPhone.Build.0 = Release|Any CPU
		{289F6F3C-EA27-4A96-AE04-E5D2E66AEF42}.Release|iPhone.Deploy.0 = Release|Any CPU
		{289F6F3C-EA27-4A96-AE04-E5D2E66AEF42}.Release|iPhoneSimulator.ActiveCfg = Release|Any CPU
		{289F6F3C-EA27-4A96-AE04-E5D2E66AEF42}.Release|iPhoneSimulator.Build.0 = Release|Any CPU
		{289F6F3C-EA27-4A96-AE04-E5D2E66AEF42}.Release|iPhoneSimulator.Deploy.0 = Release|Any CPU
		{289F6F3C-EA27-4A96-AE04-E5D2E66AEF42}.Release|x64.ActiveCfg = Release|Any CPU
		{289F6F3C-EA27-4A96-AE04-E5D2E66AEF42}.Release|x64.Build.0 = Release|Any CPU
		{289F6F3C-EA27-4A96-AE04-E5D2E66AEF42}.Release|x64.Deploy.0 = Release|Any CPU
		{289F6F3C-EA27-4A96-AE04-E5D2E66AEF42}.Release|x86.ActiveCfg = Release|Any CPU
		{289F6F3C-EA27-4A96-AE04-E5D2E66AEF42}.Release|x86.Build.0 = Release|Any CPU
		{289F6F3C-EA27-4A96-AE04-E5D2E66AEF42}.Release|x86.Deploy.0 = Release|Any CPU
	EndGlobalSection
	GlobalSection(SolutionProperties) = preSolution
		HideSolutionNode = FALSE
	EndGlobalSection
	GlobalSection(ExtensibilityGlobals) = postSolution
		SolutionGuid = {7E57F7E8-960B-4FC4-8C21-9E30C16A0002}
	EndGlobalSection
EndGlobal
